
Microsoft Visual Studio Solution File, Format Version 12.00
# Visual Studio 15
Project("{FAE04EC0-301F-11D3-BF4B-00C04F79EFBC}") = "Assembly-CSharp", "Assembly-CSharp.csproj", "{F005D6F6-5639-048F-384E-9322361CB39F}"
EndProject
Global
	GlobalSection(SolutionConfigurationPlatforms) = preSolution
		Debug|Any CPU = Debug|Any CPU
		Release|Any CPU = Release|Any CPU
	EndGlobalSection
	GlobalSection(ProjectConfigurationPlatforms) = postSolution
		{F005D6F6-5639-048F-384E-9322361CB39F}.Debug|Any CPU.ActiveCfg = Debug|Any CPU
		{F005D6F6-5639-048F-384E-9322361CB39F}.Debug|Any CPU.Build.0 = Debug|Any CPU
		{F005D6F6-5639-048F-384E-9322361CB39F}.Release|Any CPU.ActiveCfg = Release|Any CPU
		{F005D6F6-5639-048F-384E-9322361CB39F}.Release|Any CPU.Build.0 = Release|Any CPU
	EndGlobalSection
	GlobalSection(SolutionProperties) = preSolution
		HideSolutionNode = FALSE
	EndGlobalSection
EndGlobal
